PODS:
  - Alamofire (4.0.0)
  - Bugly (2.5.71)
  - Cosmos (19.0.3)
  - Down (0.9.4)
  - Highlightr (2.1.0)
  - IQKeyboardManagerSwift (6.5.6)
  - Kingfisher (6.0.0)
  - lottie-ios (3.1.9)
  - QuickLayout (3.0.0)
  - SDCAlertView (11.1.2)
  - SnapKit (5.0.1)
  - Spring (1.0.6)
  - SSZipArchive (2.2.3)
  - SwiftEntryKit (1.2.7):
    - QuickLayout (= 3.0.0)
  - SwiftyJSON (4.3.0)
  - TagListView (1.4.1)
  - Toolbar (0.6.1)
  - UIDeviceComplete (2.7.3)

DEPENDENCIES:
  - Alamofire (= 4.0)
  - Bugly
  - Cosmos (~> 19.0)
  - Down
  - Highlightr
  - IQKeyboardManagerSwift
  - Kingfisher
  - lottie-ios
  - SDCAlertView
  - SnapKit
  - Spring (from `https://github.com/MengTo/Spring.git`)
  - SSZipArchive
  - SwiftEntryKit
  - SwiftyJSON (~> 4.0)
  - TagListView (~> 1.0)
  - Toolbar
  - UIDeviceComplete

SPEC REPOS:
  https://github.com/CocoaPods/Specs.git:
    - Alamofire
    - Bugly
    - Cosmos
    - Down
    - Highlightr
    - IQKeyboardManagerSwift
    - Kingfisher
    - lottie-ios
    - QuickLayout
    - SDCAlertView
    - SnapKit
    - SSZipArchive
    - SwiftEntryKit
    - SwiftyJSON
    - TagListView
    - Toolbar
    - UIDeviceComplete

EXTERNAL SOURCES:
  Spring:
    :git: https://github.com/MengTo/Spring.git

CHECKOUT OPTIONS:
  Spring:
    :commit: 50d92a5b9e08848387ae95bf44c6ad20834f7083
    :git: https://github.com/MengTo/Spring.git

SPEC CHECKSUMS:
  Alamofire: fef59f00388f267e52d9b432aa5d93dc97190f14
  Bugly: fd066c75c4a0eca1440f9b6a84bd37d51bfc85ac
  Cosmos: a6fb17284281fa12cf4c85c2efecd440a215ec44
  Down: 276f2c3eeeaf30345873bdad25f44b2640fcfa3a
  Highlightr: 595f3e100737c8de41113385da8bd0b5b65212c6
  IQKeyboardManagerSwift: c7df9d2deb356c04522f5c4b7b6e4ce4d8ed94fe
  Kingfisher: 13f6e68c928eb50439b5cb2ea75d6035018438ea
  lottie-ios: 3a3758ef5a008e762faec9c9d50a39842f26d124
  QuickLayout: 07b45a72b10083fee3f095990cfed1c1e7b27f0a
  SDCAlertView: 26b5dabdd3c2e6f16c88bad231c84447fa42b0dc
  SnapKit: 97b92857e3df3a0c71833cce143274bf6ef8e5eb
  Spring: 3d113f14575ef79aec9c5f906dfa4f5001c03254
  SSZipArchive: 62d4947b08730e4cda640473b0066d209ff033c9
  SwiftEntryKit: 537c92699d6034efb1ef9c32b11e0b37c97aa589
  SwiftyJSON: 6faa0040f8b59dead0ee07436cbf76b73c08fd08
  TagListView: a1c236d17960a0cf64156725a76ce6d73ebce2be
  Toolbar: 49165b7511132c7faee4883ad4f40ad5e8945225
  UIDeviceComplete: e69f9e0983c05d1ab9863576027e08692c8e4024

PODFILE CHECKSUM: 57ca565531484d0c79c791f241a66e453e78f916

COCOAPODS: 1.10.0
